# THIS IS AN AUTOGENERATED FILE. DO NOT EDIT THIS FILE DIRECTLY.
# yarn lockfile v1


commander@^3.0.2:
  version "3.0.2"
  resolved "https://registry.npmjs.org/commander/-/commander-3.0.2.tgz#6837c3fb677ad9933d1cfba42dd14d5117d6b39e"
  integrity sha512-Gar0ASD4BDyKC4hl4DwHqDrmvjoxWKZigVnAbn5H1owvm4CxCPdb0HQDehwNYMJpla5+M2tPmPARzhtYuwpHow==

graceful-fs@^4.1.6:
  version "4.2.2"
  resolved "https://registry.npmjs.org/graceful-fs/-/graceful-fs-4.2.2.tgz#6f0952605d0140c1cfdb138ed005775b92d67b02"
  integrity sha512-IItsdsea19BoLC7ELy13q1iJFNmd7ofZH5+X/pJr90/nRoPEX0DJo1dHDbgtYWOhJhcCgMDTOw84RZ72q6lB+Q==

jsonfile@^5.0.0:
  version "5.0.0"
  resolved "https://registry.npmjs.org/jsonfile/-/jsonfile-5.0.0.tgz#e6b718f73da420d612823996fdf14a03f6ff6922"
  integrity sha512-NQRZ5CRo74MhMMC3/3r5g2k4fjodJ/wh8MxjFbCViWKFjxrnudWSY5vomh+23ZaXzAS7J3fBZIR2dV6WbmfM0w==
  dependencies:
    universalify "^0.1.2"
  optionalDependencies:
    graceful-fs "^4.1.6"

ramda@^0.26.1:
  version "0.26.1"
  resolved "https://registry.npmjs.org/ramda/-/ramda-0.26.1.tgz#8d41351eb8111c55353617fc3bbffad8e4d35d06"
  integrity sha512-hLWjpy7EnsDBb0p+Z3B7rPi3GDeRG5ZtiI33kJhTt+ORCd38AbAIjB/9zRIUoeTbE/AVX5ZkU7m6bznsvrf8eQ==

universalify@^0.1.2:
  version "0.1.2"
  resolved "https://registry.npmjs.org/universalify/-/universalify-0.1.2.tgz#b646f69be3942dabcecc9d6639c80dc105efaa66"
  integrity sha512-rBJeI5CXAlmy1pV+617WB9J63U6XcazHHF2f2dbJix4XzpUF0RS3Zbj0FGIOCAva5P/d/GBOYaACQ1w+0azUkg==
